
Microsoft Visual Studio Solution File, Format Version 12.00
# Visual Studio Version 16
VisualStudioVersion = 16.0.29025.244
MinimumVisualStudioVersion = 10.0.40219.1
Project("{8BC9CEB8-8B4A-11D0-8D11-00A0C91BC942}") = "ntl", "ntl\ntl.vcxproj", "{7AEB2784-2AB5-41D2-9846-689F139C813A}"
EndProject
Project("{2150E333-8FDC-42A3-9474-1A3956D46DE8}") = "Solution Items", "Solution Items", "{7F07A320-68E3-45F8-9DA1-AB27F4483BEC}"
	ProjectSection(SolutionItems) = preProject
		.gitignore = .gitignore
	EndProjectSection
EndProject
Global
	GlobalSection(SolutionConfigurationPlatforms) = preSolution
		Debug|x64 = Debug|x64
		Debug|x86 = Debug|x86
		Release|x64 = Release|x64
		Release|x86 = Release|x86
	EndGlobalSection
	GlobalSection(ProjectConfigurationPlatforms) = postSolution
		{7AEB2784-2AB5-41D2-9846-689F139C813A}.Debug|x64.ActiveCfg = Debug|x64
		{7AEB2784-2AB5-41D2-9846-689F139C813A}.Debug|x64.Build.0 = Debug|x64
		{7AEB2784-2AB5-41D2-9846-689F139C813A}.Debug|x86.ActiveCfg = Debug|Win32
		{7AEB2784-2AB5-41D2-9846-689F139C813A}.Debug|x86.Build.0 = Debug|Win32
		{7AEB2784-2AB5-41D2-9846-689F139C813A}.Release|x64.ActiveCfg = Release|x64
		{7AEB2784-2AB5-41D2-9846-689F139C813A}.Release|x64.Build.0 = Release|x64
		{7AEB2784-2AB5-41D2-9846-689F139C813A}.Release|x86.ActiveCfg = Release|Win32
		{7AEB2784-2AB5-41D2-9846-689F139C813A}.Release|x86.Build.0 = Release|Win32
	EndGlobalSection
	GlobalSection(SolutionProperties) = preSolution
		HideSolutionNode = FALSE
	EndGlobalSection
	GlobalSection(ExtensibilityGlobals) = postSolution
		SolutionGuid = {20A80C83-01B1-44B6-8884-8FBE6E8549BF}
	EndGlobalSection
EndGlobal
